// !$*UTF8*$!
{
	archiveVersion = 1;
	classes = {
	};
	objectVersion = 48;
	objects = {

/* Begin PBXBuildFile section */
		1A38F3771F854BED00E05659 /* AppDelegate.swift in Sources */ = {isa = PBXBuildFile; fileRef = 1A38F3761F854BED00E05659 /* AppDelegate.swift */; };
		1A38F3791F854BED00E05659 /* ViewController.swift in Sources */ = {isa = PBXBuildFile; fileRef = 1A38F3781F854BED00E05659 /* ViewController.swift */; };
		1A38F37C1F854BED00E05659 /* Main.storyboard in Resources */ = {isa = PBXBuildFile; fileRef = 1A38F37A1F854BED00E05659 /* Main.storyboard */; };
		1A38F37F1F854BED00E05659 /* brad3.xcdatamodeld in Sources */ = {isa = PBXBuildFile; fileRef = 1A38F37D1F854BED00E05659 /* brad3.xcdatamodeld */; };
		1A38F3811F854BED00E05659 /* Assets.xcassets in Resources */ = {isa = PBXBuildFile; fileRef = 1A38F3801F854BED00E05659 /* Assets.xcassets */; };
		1A38F3841F854BED00E05659 /* LaunchScreen.storyboard in Resources */ = {isa = PBXBuildFile; fileRef = 1A38F3821F854BED00E05659 /* LaunchScreen.storyboard */; };
		1A38F38C1F854D9E00E05659 /* predictiveText.swift in Sources */ = {isa = PBXBuildFile; fileRef = 1A38F38B1F854D9E00E05659 /* predictiveText.swift */; };
		1AB8BA731F912E6000221EE3 /* GRDB.framework in Frameworks */ = {isa = PBXBuildFile; fileRef = 1AB8BA621F912E0600221EE3 /* GRDB.framework */; };
		1AB8BA741F912E6000221EE3 /* GRDB.framework in Embed Frameworks */ = {isa = PBXBuildFile; fileRef = 1AB8BA621F912E0600221EE3 /* GRDB.framework */; settings = {ATTRIBUTES = (CodeSignOnCopy, RemoveHeadersOnCopy, ); }; };
		1AB8BA771F912EAF00221EE3 /* Model.bundle in Resources */ = {isa = PBXBuildFile; fileRef = 1A4C8E1E1F91133E0084E538 /* Model.bundle */; };
		1ACD0CE81FA790B600979668 /* AVFoundation.framework in Frameworks */ = {isa = PBXBuildFile; fileRef = 1ACD0CE71FA790AB00979668 /* AVFoundation.framework */; };
		3E7FFD231F8B2ACA00585233 /* SceneViewController.swift in Sources */ = {isa = PBXBuildFile; fileRef = 3E7FFD221F8B2ACA00585233 /* SceneViewController.swift */; };
		3E9A95B51F96BB3900BA340D /* HelpViewController.swift in Sources */ = {isa = PBXBuildFile; fileRef = 3E9A95B41F96BB3900BA340D /* HelpViewController.swift */; };
/* End PBXBuildFile section */

/* Begin PBXContainerItemProxy section */
		1AB8BA4D1F912E0600221EE3 /* PBXContainerItemProxy */ = {
			isa = PBXContainerItemProxy;
			containerPortal = 1AB8BA351F912E0600221EE3 /* GRDB.xcodeproj */;
			proxyType = 2;
			remoteGlobalIDString = DC3773F319C8CBB3004FCF85;
			remoteInfo = GRDBOSX;
		};
		1AB8BA4F1F912E0600221EE3 /* PBXContainerItemProxy */ = {
			isa = PBXContainerItemProxy;
			containerPortal = 1AB8BA351F912E0600221EE3 /* GRDB.xcodeproj */;
			proxyType = 2;
			remoteGlobalIDString = 56E5D7F91B4D422D00430942;
			remoteInfo = GRDBOSXTests;
		};
		1AB8BA511F912E0600221EE3 /* PBXContainerItemProxy */ = {
			isa = PBXContainerItemProxy;
			containerPortal = 1AB8BA351F912E0600221EE3 /* GRDB.xcodeproj */;
			proxyType = 2;
			remoteGlobalIDString = 560C981A1C0E22D300BF8471;
			remoteInfo = GRDBOSXPerformanceTests;
		};
		1AB8BA531F912E0600221EE3 /* PBXContainerItemProxy */ = {
			isa = PBXContainerItemProxy;
			containerPortal = 1AB8BA351F912E0600221EE3 /* GRDB.xcodeproj */;
			proxyType = 2;
			remoteGlobalIDString = 56439B501F4CA1DC0066043F;
			remoteInfo = GRDBOSXPerformanceComparisonTests;
		};
		1AB8BA551F912E0600221EE3 /* PBXContainerItemProxy */ = {
			isa = PBXContainerItemProxy;
			containerPortal = 1AB8BA351F912E0600221EE3 /* GRDB.xcodeproj */;
			proxyType = 2;
			remoteGlobalIDString = 56553C181C3E906C00522B5C;
			remoteInfo = GRDBOSXCrashTests;
		};
		1AB8BA571F912E0600221EE3 /* PBXContainerItemProxy */ = {
			isa = PBXContainerItemProxy;
			containerPortal = 1AB8BA351F912E0600221EE3 /* GRDB.xcodeproj */;
			proxyType = 2;
			remoteGlobalIDString = 560FC54D1CB003810014AA8E;
			remoteInfo = GRDBCipherOSX;
		};
		1AB8BA591F912E0600221EE3 /* PBXContainerItemProxy */ = {
			isa = PBXContainerItemProxy;
			containerPortal = 1AB8BA351F912E0600221EE3 /* GRDB.xcodeproj */;
			proxyType = 2;
			remoteGlobalIDString = 560FC5B01CB00B880014AA8E;
			remoteInfo = GRDBCipherOSXTests;
		};
		1AB8BA5B1F912E0600221EE3 /* PBXContainerItemProxy */ = {
			isa = PBXContainerItemProxy;
			containerPortal = 1AB8BA351F912E0600221EE3 /* GRDB.xcodeproj */;
			proxyType = 2;
			remoteGlobalIDString = 5671566C1CB16729007DC145;
			remoteInfo = GRDBCipherOSXEncryptedTests;
		};
		1AB8BA5D1F912E0600221EE3 /* PBXContainerItemProxy */ = {
			isa = PBXContainerItemProxy;
			containerPortal = 1AB8BA351F912E0600221EE3 /* GRDB.xcodeproj */;
			proxyType = 2;
			remoteGlobalIDString = F3BA805A1CFB2BB2003DC1BA;
			remoteInfo = GRDBCustomSQLiteOSX;
		};
		1AB8BA5F1F912E0600221EE3 /* PBXContainerItemProxy */ = {
			isa = PBXContainerItemProxy;
			containerPortal = 1AB8BA351F912E0600221EE3 /* GRDB.xcodeproj */;
			proxyType = 2;
			remoteGlobalIDString = F3BA809B1CFB2F6F003DC1BA;
			remoteInfo = GRDBCustomSQLiteOSXTests;
		};
		1AB8BA611F912E0600221EE3 /* PBXContainerItemProxy */ = {
			isa = PBXContainerItemProxy;
			containerPortal = 1AB8BA351F912E0600221EE3 /* GRDB.xcodeproj */;
			proxyType = 2;
			remoteGlobalIDString = 56E5D7CA1B4D3FED00430942;
			remoteInfo = GRDBiOS;
		};
		1AB8BA631F912E0600221EE3 /* PBXContainerItemProxy */ = {
			isa = PBXContainerItemProxy;
			containerPortal = 1AB8BA351F912E0600221EE3 /* GRDB.xcodeproj */;
			proxyType = 2;
			remoteGlobalIDString = 56E5D7D31B4D3FEE00430942;
			remoteInfo = GRDBiOSTests;
		};
		1AB8BA651F912E0600221EE3 /* PBXContainerItemProxy */ = {
			isa = PBXContainerItemProxy;
			containerPortal = 1AB8BA351F912E0600221EE3 /* GRDB.xcodeproj */;
			proxyType = 2;
			remoteGlobalIDString = 56AFCA231CB1A8BB00F48B96;
			remoteInfo = GRDBCipheriOS;
		};
		1AB8BA671F912E0600221EE3 /* PBXContainerItemProxy */ = {
			isa = PBXContainerItemProxy;
			containerPortal = 1AB8BA351F912E0600221EE3 /* GRDB.xcodeproj */;
			proxyType = 2;
			remoteGlobalIDString = 56AFCA7F1CB1AA9900F48B96;
			remoteInfo = GRDBCipheriOSTests;
		};
		1AB8BA691F912E0600221EE3 /* PBXContainerItemProxy */ = {
			isa = PBXContainerItemProxy;
			containerPortal = 1AB8BA351F912E0600221EE3 /* GRDB.xcodeproj */;
			proxyType = 2;
			remoteGlobalIDString = 56AFCAD71CB1ABC800F48B96;
			remoteInfo = GRDBCipheriOSEncryptedTests;
		};
		1AB8BA6B1F912E0600221EE3 /* PBXContainerItemProxy */ = {
			isa = PBXContainerItemProxy;
			containerPortal = 1AB8BA351F912E0600221EE3 /* GRDB.xcodeproj */;
			proxyType = 2;
			remoteGlobalIDString = F3BA7FFE1CFB25E4003DC1BA;
			remoteInfo = GRDBCustomSQLiteiOS;
		};
		1AB8BA6D1F912E0600221EE3 /* PBXContainerItemProxy */ = {
			isa = PBXContainerItemProxy;
			containerPortal = 1AB8BA351F912E0600221EE3 /* GRDB.xcodeproj */;
			proxyType = 2;
			remoteGlobalIDString = F3BA80411CFB2AD7003DC1BA;
			remoteInfo = GRDBCustomSQLiteiOSTests;
		};
		1AB8BA6F1F912E0600221EE3 /* PBXContainerItemProxy */ = {
			isa = PBXContainerItemProxy;
			containerPortal = 1AB8BA351F912E0600221EE3 /* GRDB.xcodeproj */;
			proxyType = 2;
			remoteGlobalIDString = 565490A01D5A4798005622CB;
			remoteInfo = GRDBWatchOS;
		};
		1AB8BA711F912E2200221EE3 /* PBXContainerItemProxy */ = {
			isa = PBXContainerItemProxy;
			containerPortal = 1AB8BA351F912E0600221EE3 /* GRDB.xcodeproj */;
			proxyType = 1;
			remoteGlobalIDString = 56E5D7C91B4D3FED00430942;
			remoteInfo = GRDBiOS;
		};
		1AB8BA751F912E6000221EE3 /* PBXContainerItemProxy */ = {
			isa = PBXContainerItemProxy;
			containerPortal = 1AB8BA351F912E0600221EE3 /* GRDB.xcodeproj */;
			proxyType = 1;
			remoteGlobalIDString = 56E5D7C91B4D3FED00430942;
			remoteInfo = GRDBiOS;
		};
/* End PBXContainerItemProxy section */

/* Begin PBXCopyFilesBuildPhase section */
		1A4C8E1A1F9111440084E538 /* Embed Frameworks */ = {
			isa = PBXCopyFilesBuildPhase;
			buildActionMask = 2147483647;
			dstPath = "";
			dstSubfolderSpec = 10;
			files = (
				1AB8BA741F912E6000221EE3 /* GRDB.framework in Embed Frameworks */,
			);
			name = "Embed Frameworks";
			runOnlyForDeploymentPostprocessing = 0;
		};
/* End PBXCopyFilesBuildPhase section */

/* Begin PBXFileReference section */
		1A38F3731F854BED00E05659 /* brad3.app */ = {isa = PBXFileReference; explicitFileType = wrapper.application; includeInIndex = 0; path = brad3.app; sourceTree = BUILT_PRODUCTS_DIR; };
		1A38F3761F854BED00E05659 /* AppDelegate.swift */ = {isa = PBXFileReference; lastKnownFileType = sourcecode.swift; path = AppDelegate.swift; sourceTree = "<group>"; };
		1A38F3781F854BED00E05659 /* ViewController.swift */ = {isa = PBXFileReference; lastKnownFileType = sourcecode.swift; path = ViewController.swift; sourceTree = "<group>"; };
		1A38F37B1F854BED00E05659 /* Base */ = {isa = PBXFileReference; lastKnownFileType = file.storyboard; name = Base; path = Base.lproj/Main.storyboard; sourceTree = "<group>"; };
		1A38F37E1F854BED00E05659 /* brad3.xcdatamodel */ = {isa = PBXFileReference; lastKnownFileType = wrapper.xcdatamodel; path = brad3.xcdatamodel; sourceTree = "<group>"; };
		1A38F3801F854BED00E05659 /* Assets.xcassets */ = {isa = PBXFileReference; lastKnownFileType = folder.assetcatalog; path = Assets.xcassets; sourceTree = "<group>"; };
		1A38F3831F854BED00E05659 /* Base */ = {isa = PBXFileReference; lastKnownFileType = file.storyboard; name = Base; path = Base.lproj/LaunchScreen.storyboard; sourceTree = "<group>"; };
		1A38F3851F854BED00E05659 /* Info.plist */ = {isa = PBXFileReference; lastKnownFileType = text.plist.xml; path = Info.plist; sourceTree = "<group>"; };
		1A38F38B1F854D9E00E05659 /* predictiveText.swift */ = {isa = PBXFileReference; lastKnownFileType = sourcecode.swift; path = predictiveText.swift; sourceTree = "<group>"; };
		1A4C8E1E1F91133E0084E538 /* Model.bundle */ = {isa = PBXFileReference; lastKnownFileType = "wrapper.plug-in"; path = Model.bundle; sourceTree = "<group>"; };
		1AB8BA351F912E0600221EE3 /* GRDB.xcodeproj */ = {isa = PBXFileReference; lastKnownFileType = "wrapper.pb-project"; name = GRDB.xcodeproj; path = "GRDB.swift-2.0.3/GRDB.xcodeproj"; sourceTree = SOURCE_ROOT; };
		1ACD0CE71FA790AB00979668 /* AVFoundation.framework */ = {isa = PBXFileReference; lastKnownFileType = wrapper.framework; name = AVFoundation.framework; path = System/Library/Frameworks/AVFoundation.framework; sourceTree = SDKROOT; };
		3E7FFD221F8B2ACA00585233 /* SceneViewController.swift */ = {isa = PBXFileReference; lastKnownFileType = sourcecode.swift; path = SceneViewController.swift; sourceTree = "<group>"; };
		3E9A95B41F96BB3900BA340D /* HelpViewController.swift */ = {isa = PBXFileReference; lastKnownFileType = sourcecode.swift; path = HelpViewController.swift; sourceTree = "<group>"; };
/* End PBXFileReference section */

/* Begin PBXFrameworksBuildPhase section */
		1A38F3701F854BED00E05659 /* Frameworks */ = {
			isa = PBXFrameworksBuildPhase;
			buildActionMask = 2147483647;
			files = (
				1ACD0CE81FA790B600979668 /* AVFoundation.framework in Frameworks */,
				1AB8BA731F912E6000221EE3 /* GRDB.framework in Frameworks */,
			);
			runOnlyForDeploymentPostprocessing = 0;
		};
/* End PBXFrameworksBuildPhase section */

/* Begin PBXGroup section */
		1A38F36A1F854BED00E05659 = {
			isa = PBXGroup;
			children = (
				1A38F3751F854BED00E05659 /* brad3 */,
				1A38F3741F854BED00E05659 /* Products */,
				1ACD0CD51FA790AA00979668 /* Frameworks */,
			);
			sourceTree = "<group>";
		};
		1A38F3741F854BED00E05659 /* Products */ = {
			isa = PBXGroup;
			children = (
				1A38F3731F854BED00E05659 /* brad3.app */,
			);
			name = Products;
			sourceTree = "<group>";
		};
		1A38F3751F854BED00E05659 /* brad3 */ = {
			isa = PBXGroup;
			children = (
				1AB8BA351F912E0600221EE3 /* GRDB.xcodeproj */,
				1A38F3761F854BED00E05659 /* AppDelegate.swift */,
				1A38F3781F854BED00E05659 /* ViewController.swift */,
				1A38F37A1F854BED00E05659 /* Main.storyboard */,
				3E9A95B41F96BB3900BA340D /* HelpViewController.swift */,
				3E7FFD221F8B2ACA00585233 /* SceneViewController.swift */,
				1A4C8E1E1F91133E0084E538 /* Model.bundle */,
				1A38F38B1F854D9E00E05659 /* predictiveText.swift */,
				1A38F3801F854BED00E05659 /* Assets.xcassets */,
				1A38F3821F854BED00E05659 /* LaunchScreen.storyboard */,
				1A38F3851F854BED00E05659 /* Info.plist */,
				1A38F37D1F854BED00E05659 /* brad3.xcdatamodeld */,
			);
			path = brad3;
			sourceTree = "<group>";
		};
		1AB8BA361F912E0600221EE3 /* Products */ = {
			isa = PBXGroup;
			children = (
				1AB8BA4E1F912E0600221EE3 /* GRDB.framework */,
				1AB8BA501F912E0600221EE3 /* GRDBOSXTests.xctest */,
				1AB8BA521F912E0600221EE3 /* GRDBOSXPerformanceTests.xctest */,
				1AB8BA541F912E0600221EE3 /* GRDBOSXPerformanceComparisonTests.xctest */,
				1AB8BA561F912E0600221EE3 /* GRDBOSXCrashTests.xctest */,
				1AB8BA581F912E0600221EE3 /* GRDBCipher.framework */,
				1AB8BA5A1F912E0600221EE3 /* GRDBCipherOSXTests.xctest */,
				1AB8BA5C1F912E0600221EE3 /* GRDBCipherOSXEncryptedTests.xctest */,
				1AB8BA5E1F912E0600221EE3 /* GRDBCustomSQLite.framework */,
				1AB8BA601F912E0600221EE3 /* GRDBCustomSQLiteOSXTests.xctest */,
				1AB8BA621F912E0600221EE3 /* GRDB.framework */,
				1AB8BA641F912E0600221EE3 /* GRDBiOSTests.xctest */,
				1AB8BA661F912E0600221EE3 /* GRDBCipher.framework */,
				1AB8BA681F912E0600221EE3 /* GRDBCipheriOSTests.xctest */,
				1AB8BA6A1F912E0600221EE3 /* GRDBCipheriOSEncryptedTests.xctest */,
				1AB8BA6C1F912E0600221EE3 /* GRDBCustomSQLite.framework */,
				1AB8BA6E1F912E0600221EE3 /* GRDBCustomSQLiteiOSTests.xctest */,
				1AB8BA701F912E0600221EE3 /* GRDB.framework */,
			);
			name = Products;
			sourceTree = "<group>";
		};
		1ACD0CD51FA790AA00979668 /* Frameworks */ = {
			isa = PBXGroup;
			children = (
				1ACD0CE71FA790AB00979668 /* AVFoundation.framework */,
			);
			name = Frameworks;
			sourceTree = "<group>";
		};
/* End PBXGroup section */

/* Begin PBXNativeTarget section */
		1A38F3721F854BED00E05659 /* brad3 */ = {
			isa = PBXNativeTarget;
			buildConfigurationList = 1A38F3881F854BED00E05659 /* Build configuration list for PBXNativeTarget "brad3" */;
			buildPhases = (
				1A38F36F1F854BED00E05659 /* Sources */,
				1A38F3701F854BED00E05659 /* Frameworks */,
				1A38F3711F854BED00E05659 /* Resources */,
				1A4C8E1A1F9111440084E538 /* Embed Frameworks */,
			);
			buildRules = (
			);
			dependencies = (
				1AB8BA721F912E2200221EE3 /* PBXTargetDependency */,
				1AB8BA761F912E6000221EE3 /* PBXTargetDependency */,
			);
			name = brad3;
			productName = brad3;
			productReference = 1A38F3731F854BED00E05659 /* brad3.app */;
			productType = "com.apple.product-type.application";
		};
/* End PBXNativeTarget section */

/* Begin PBXProject section */
		1A38F36B1F854BED00E05659 /* Project object */ = {
			isa = PBXProject;
			attributes = {
				LastSwiftUpdateCheck = 0900;
				LastUpgradeCheck = 0900;
				ORGANIZATIONNAME = JiangYifan;
				TargetAttributes = {
					1A38F3721F854BED00E05659 = {
						CreatedOnToolsVersion = 9.0;
						ProvisioningStyle = Automatic;
					};
				};
			};
			buildConfigurationList = 1A38F36E1F854BED00E05659 /* Build configuration list for PBXProject "brad3" */;
			compatibilityVersion = "Xcode 8.0";
			developmentRegion = en;
			hasScannedForEncodings = 0;
			knownRegions = (
				en,
				Base,
			);
			mainGroup = 1A38F36A1F854BED00E05659;
			productRefGroup = 1A38F3741F854BED00E05659 /* Products */;
			projectDirPath = "";
			projectReferences = (
				{
					ProductGroup = 1AB8BA361F912E0600221EE3 /* Products */;
					ProjectRef = 1AB8BA351F912E0600221EE3 /* GRDB.xcodeproj */;
				},
			);
			projectRoot = "";
			targets = (
				1A38F3721F854BED00E05659 /* brad3 */,
			);
		};
/* End PBXProject section */

/* Begin PBXReferenceProxy section */
		1AB8BA4E1F912E0600221EE3 /* GRDB.framework */ = {
			isa = PBXReferenceProxy;
			fileType = wrapper.framework;
			path = GRDB.framework;
			remoteRef = 1AB8BA4D1F912E0600221EE3 /* PBXContainerItemProxy */;
			sourceTree = BUILT_PRODUCTS_DIR;
		};
		1AB8BA501F912E0600221EE3 /* GRDBOSXTests.xctest */ = {
			isa = PBXReferenceProxy;
			fileType = wrapper.cfbundle;
			path = GRDBOSXTests.xctest;
			remoteRef = 1AB8BA4F1F912E0600221EE3 /* PBXContainerItemProxy */;
			sourceTree = BUILT_PRODUCTS_DIR;
		};
		1AB8BA521F912E0600221EE3 /* GRDBOSXPerformanceTests.xctest */ = {
			isa = PBXReferenceProxy;
			fileType = wrapper.cfbundle;
			path = GRDBOSXPerformanceTests.xctest;
			remoteRef = 1AB8BA511F912E0600221EE3 /* PBXContainerItemProxy */;
			sourceTree = BUILT_PRODUCTS_DIR;
		};
		1AB8BA541F912E0600221EE3 /* GRDBOSXPerformanceComparisonTests.xctest */ = {
			isa = PBXReferenceProxy;
			fileType = wrapper.cfbundle;
			path = GRDBOSXPerformanceComparisonTests.xctest;
			remoteRef = 1AB8BA531F912E0600221EE3 /* PBXContainerItemProxy */;
			sourceTree = BUILT_PRODUCTS_DIR;
		};
		1AB8BA561F912E0600221EE3 /* GRDBOSXCrashTests.xctest */ = {
			isa = PBXReferenceProxy;
			fileType = wrapper.cfbundle;
			path = GRDBOSXCrashTests.xctest;
			remoteRef = 1AB8BA551F912E0600221EE3 /* PBXContainerItemProxy */;
			sourceTree = BUILT_PRODUCTS_DIR;
		};
		1AB8BA581F912E0600221EE3 /* GRDBCipher.framework */ = {
			isa = PBXReferenceProxy;
			fileType = wrapper.framework;
			path = GRDBCipher.framework;
			remoteRef = 1AB8BA571F912E0600221EE3 /* PBXContainerItemProxy */;
			sourceTree = BUILT_PRODUCTS_DIR;
		};
		1AB8BA5A1F912E0600221EE3 /* GRDBCipherOSXTests.xctest */ = {
			isa = PBXReferenceProxy;
			fileType = wrapper.cfbundle;
			path = GRDBCipherOSXTests.xctest;
			remoteRef = 1AB8BA591F912E0600221EE3 /* PBXContainerItemProxy */;
			sourceTree = BUILT_PRODUCTS_DIR;
		};
		1AB8BA5C1F912E0600221EE3 /* GRDBCipherOSXEncryptedTests.xctest */ = {
			isa = PBXReferenceProxy;
			fileType = wrapper.cfbundle;
			path = GRDBCipherOSXEncryptedTests.xctest;
			remoteRef = 1AB8BA5B1F912E0600221EE3 /* PBXContainerItemProxy */;
			sourceTree = BUILT_PRODUCTS_DIR;
		};
		1AB8BA5E1F912E0600221EE3 /* GRDBCustomSQLite.framework */ = {
			isa = PBXReferenceProxy;
			fileType = wrapper.framework;
			path = GRDBCustomSQLite.framework;
			remoteRef = 1AB8BA5D1F912E0600221EE3 /* PBXContainerItemProxy */;
			sourceTree = BUILT_PRODUCTS_DIR;
		};
		1AB8BA601F912E0600221EE3 /* GRDBCustomSQLiteOSXTests.xctest */ = {
			isa = PBXReferenceProxy;
			fileType = wrapper.cfbundle;
			path = GRDBCustomSQLiteOSXTests.xctest;
			remoteRef = 1AB8BA5F1F912E0600221EE3 /* PBXContainerItemProxy */;
			sourceTree = BUILT_PRODUCTS_DIR;
		};
		1AB8BA621F912E0600221EE3 /* GRDB.framework */ = {
			isa = PBXReferenceProxy;
			fileType = wrapper.framework;
			path = GRDB.framework;
			remoteRef = 1AB8BA611F912E0600221EE3 /* PBXContainerItemProxy */;
			sourceTree = BUILT_PRODUCTS_DIR;
		};
		1AB8BA641F912E0600221EE3 /* GRDBiOSTests.xctest */ = {
			isa = PBXReferenceProxy;
			fileType = wrapper.cfbundle;
			path = GRDBiOSTests.xctest;
			remoteRef = 1AB8BA631F912E0600221EE3 /* PBXContainerItemProxy */;
			sourceTree = BUILT_PRODUCTS_DIR;
		};
		1AB8BA661F912E0600221EE3 /* GRDBCipher.framework */ = {
			isa = PBXReferenceProxy;
			fileType = wrapper.framework;
			path = GRDBCipher.framework;
			remoteRef = 1AB8BA651F912E0600221EE3 /* PBXContainerItemProxy */;
			sourceTree = BUILT_PRODUCTS_DIR;
		};
		1AB8BA681F912E0600221EE3 /* GRDBCipheriOSTests.xctest */ = {
			isa = PBXReferenceProxy;
			fileType = wrapper.cfbundle;
			path = GRDBCipheriOSTests.xctest;
			remoteRef = 1AB8BA671F912E0600221EE3 /* PBXContainerItemProxy */;
			sourceTree = BUILT_PRODUCTS_DIR;
		};
		1AB8BA6A1F912E0600221EE3 /* GRDBCipheriOSEncryptedTests.xctest */ = {
			isa = PBXReferenceProxy;
			fileType = wrapper.cfbundle;
			path = GRDBCipheriOSEncryptedTests.xctest;
			remoteRef = 1AB8BA691F912E0600221EE3 /* PBXContainerItemProxy */;
			sourceTree = BUILT_PRODUCTS_DIR;
		};
		1AB8BA6C1F912E0600221EE3 /* GRDBCustomSQLite.framework */ = {
			isa = PBXReferenceProxy;
			fileType = wrapper.framework;
			path = GRDBCustomSQLite.framework;
			remoteRef = 1AB8BA6B1F912E0600221EE3 /* PBXContainerItemProxy */;
			sourceTree = BUILT_PRODUCTS_DIR;
		};
		1AB8BA6E1F912E0600221EE3 /* GRDBCustomSQLiteiOSTests.xctest */ = {
			isa = PBXReferenceProxy;
			fileType = wrapper.cfbundle;
			path = GRDBCustomSQLiteiOSTests.xctest;
			remoteRef = 1AB8BA6D1F912E0600221EE3 /* PBXContainerItemProxy */;
			sourceTree = BUILT_PRODUCTS_DIR;
		};
		1AB8BA701F912E0600221EE3 /* GRDB.framework */ = {
			isa = PBXReferenceProxy;
			fileType = wrapper.framework;
			path = GRDB.framework;
			remoteRef = 1AB8BA6F1F912E0600221EE3 /* PBXContainerItemProxy */;
			sourceTree = BUILT_PRODUCTS_DIR;
		};
/* End PBXReferenceProxy section */

/* Begin PBXResourcesBuildPhase section */
		1A38F3711F854BED00E05659 /* Resources */ = {
			isa = PBXResourcesBuildPhase;
			buildActionMask = 2147483647;
			files = (
				1AB8BA771F912EAF00221EE3 /* Model.bundle in Resources */,
				1A38F3841F854BED00E05659 /* LaunchScreen.storyboard in Resources */,
				1A38F3811F854BED00E05659 /* Assets.xcassets in Resources */,
				1A38F37C1F854BED00E05659 /* Main.storyboard in Resources */,
			);
			runOnlyForDeploymentPostprocessing = 0;
		};
/* End PBXResourcesBuildPhase section */

/* Begin PBXSourcesBuildPhase section */
		1A38F36F1F854BED00E05659 /* Sources */ = {
			isa = PBXSourcesBuildPhase;
			buildActionMask = 2147483647;
			files = (
				3E7FFD231F8B2ACA00585233 /* SceneViewController.swift in Sources */,
				3E9A95B51F96BB3900BA340D /* HelpViewController.swift in Sources */,
				1A38F3791F854BED00E05659 /* ViewController.swift in Sources */,
				1A38F37F1F854BED00E05659 /* brad3.xcdatamodeld in Sources */,
				1A38F3771F854BED00E05659 /* AppDelegate.swift in Sources */,
				1A38F38C1F854D9E00E05659 /* predictiveText.swift in Sources */,
			);
			runOnlyForDeploymentPostprocessing = 0;
		};
/* End PBXSourcesBuildPhase section */

/* Begin PBXTargetDependency section */
		1AB8BA721F912E2200221EE3 /* PBXTargetDependency */ = {
			isa = PBXTargetDependency;
			name = GRDBiOS;
			targetProxy = 1AB8BA711F912E2200221EE3 /* PBXContainerItemProxy */;
		};
		1AB8BA761F912E6000221EE3 /* PBXTargetDependency */ = {
			isa = PBXTargetDependency;
			name = GRDBiOS;
			targetProxy = 1AB8BA751F912E6000221EE3 /* PBXContainerItemProxy */;
		};
/* End PBXTargetDependency section */

/* Begin PBXVariantGroup section */
		1A38F37A1F854BED00E05659 /* Main.storyboard */ = {
			isa = PBXVariantGroup;
			children = (
				1A38F37B1F854BED00E05659 /* Base */,
			);
			name = Main.storyboard;
			sourceTree = "<group>";
		};
		1A38F3821F854BED00E05659 /* LaunchScreen.storyboard */ = {
			isa = PBXVariantGroup;
			children = (
				1A38F3831F854BED00E05659 /* Base */,
			);
			name = LaunchScreen.storyboard;
			sourceTree = "<group>";
		};
/* End PBXVariantGroup section */

/* Begin XCBuildConfiguration section */
		1A38F3861F854BED00E05659 /* Debug */ = {
			isa = XCBuildConfiguration;
			buildSettings = {
				ALWAYS_SEARCH_USER_PATHS = NO;
				CLANG_ANALYZER_NONNULL = YES;
				CLANG_ANALYZER_NUMBER_OBJECT_CONVERSION = YES_AGGRESSIVE;
				CLANG_CXX_LANGUAGE_STANDARD = "gnu++14";
				CLANG_CXX_LIBRARY = "libc++";
				CLANG_ENABLE_MODULES = YES;
				CLANG_ENABLE_OBJC_ARC = YES;
				CLANG_WARN_BLOCK_CAPTURE_AUTORELEASING = YES;
				CLANG_WARN_BOOL_CONVERSION = YES;
				CLANG_WARN_COMMA = YES;
				CLANG_WARN_CONSTANT_CONVERSION = YES;
				CLANG_WARN_DIRECT_OBJC_ISA_USAGE = YES_ERROR;
				CLANG_WARN_DOCUMENTATION_COMMENTS = YES;
				CLANG_WARN_EMPTY_BODY = YES;
				CLANG_WARN_ENUM_CONVERSION = YES;
				CLANG_WARN_INFINITE_RECURSION = YES;
				CLANG_WARN_INT_CONVERSION = YES;
				CLANG_WARN_NON_LITERAL_NULL_CONVERSION = YES;
				CLANG_WARN_OBJC_LITERAL_CONVERSION = YES;
				CLANG_WARN_OBJC_ROOT_CLASS = YES_ERROR;
				CLANG_WARN_RANGE_LOOP_ANALYSIS = YES;
				CLANG_WARN_STRICT_PROTOTYPES = YES;
				CLANG_WARN_SUSPICIOUS_MOVE = YES;
				CLANG_WARN_UNGUARDED_AVAILABILITY = YES_AGGRESSIVE;
				CLANG_WARN_UNREACHABLE_CODE = YES;
				CLANG_WARN__DUPLICATE_METHOD_MATCH = YES;
				CODE_SIGN_IDENTITY = "iPhone Developer";
				COPY_PHASE_STRIP = NO;
				DEBUG_INFORMATION_FORMAT = dwarf;
				ENABLE_STRICT_OBJC_MSGSEND = YES;
				ENABLE_TESTABILITY = YES;
				GCC_C_LANGUAGE_STANDARD = gnu11;
				GCC_DYNAMIC_NO_PIC = NO;
				GCC_NO_COMMON_BLOCKS = YES;
				GCC_OPTIMIZATION_LEVEL = 0;
				GCC_PREPROCESSOR_DEFINITIONS = (
					"DEBUG=1",
					"$(inherited)",
				);
				GCC_WARN_64_TO_32_BIT_CONVERSION = YES;
				GCC_WARN_ABOUT_RETURN_TYPE = YES_ERROR;
				GCC_WARN_UNDECLARED_SELECTOR = YES;
				GCC_WARN_UNINITIALIZED_AUTOS = YES_AGGRESSIVE;
				GCC_WARN_UNUSED_FUNCTION = YES;
				GCC_WARN_UNUSED_VARIABLE = YES;
				IPHONEOS_DEPLOYMENT_TARGET = 11.0;
				MTL_ENABLE_DEBUG_INFO = YES;
				ONLY_ACTIVE_ARCH = YES;
				SDKROOT = iphoneos;
				SWIFT_ACTIVE_COMPILATION_CONDITIONS = DEBUG;
				SWIFT_OPTIMIZATION_LEVEL = "-Onone";
			};
			name = Debug;
		};
		1A38F3871F854BED00E05659 /* Release */ = {
			isa = XCBuildConfiguration;
			buildSettings = {
				ALWAYS_SEARCH_USER_PATHS = NO;
				CLANG_ANALYZER_NONNULL = YES;
				CLANG_ANALYZER_NUMBER_OBJECT_CONVERSION = YES_AGGRESSIVE;
				CLANG_CXX_LANGUAGE_STANDARD = "gnu++14";
				CLANG_CXX_LIBRARY = "libc++";
				CLANG_ENABLE_MODULES = YES;
				CLANG_ENABLE_OBJC_ARC = YES;
				CLANG_WARN_BLOCK_CAPTURE_AUTORELEASING = YES;
				CLANG_WARN_BOOL_CONVERSION = YES;
				CLANG_WARN_COMMA = YES;
				CLANG_WARN_CONSTANT_CONVERSION = YES;
				CLANG_WARN_DIRECT_OBJC_ISA_USAGE = YES_ERROR;
				CLANG_WARN_DOCUMENTATION_COMMENTS = YES;
				CLANG_WARN_EMPTY_BODY = YES;
				CLANG_WARN_ENUM_CONVERSION = YES;
				CLANG_WARN_INFINITE_RECURSION = YES;
				CLANG_WARN_INT_CONVERSION = YES;
				CLANG_WARN_NON_LITERAL_NULL_CONVERSION = YES;
				CLANG_WARN_OBJC_LITERAL_CONVERSION = YES;
				CLANG_WARN_OBJC_ROOT_CLASS = YES_ERROR;
				CLANG_WARN_RANGE_LOOP_ANALYSIS = YES;
				CLANG_WARN_STRICT_PROTOTYPES = YES;
				CLANG_WARN_SUSPICIOUS_MOVE = YES;
				CLANG_WARN_UNGUARDED_AVAILABILITY = YES_AGGRESSIVE;
				CLANG_WARN_UNREACHABLE_CODE = YES;
				CLANG_WARN__DUPLICATE_METHOD_MATCH = YES;
				CODE_SIGN_IDENTITY = "iPhone Developer";
				COPY_PHASE_STRIP = NO;
				DEBUG_INFORMATION_FORMAT = "dwarf-with-dsym";
				ENABLE_NS_ASSERTIONS = NO;
				ENABLE_STRICT_OBJC_MSGSEND = YES;
				GCC_C_LANGUAGE_STANDARD = gnu11;
				GCC_NO_COMMON_BLOCKS = YES;
				GCC_WARN_64_TO_32_BIT_CONVERSION = YES;
				GCC_WARN_ABOUT_RETURN_TYPE = YES_ERROR;
				GCC_WARN_UNDECLARED_SELECTOR = YES;
				GCC_WARN_UNINITIALIZED_AUTOS = YES_AGGRESSIVE;
				GCC_WARN_UNUSED_FUNCTION = YES;
				GCC_WARN_UNUSED_VARIABLE = YES;
				IPHONEOS_DEPLOYMENT_TARGET = 11.0;
				MTL_ENABLE_DEBUG_INFO = NO;
				SDKROOT = iphoneos;
				SWIFT_OPTIMIZATION_LEVEL = "-Owholemodule";
				VALIDATE_PRODUCT = YES;
			};
			name = Release;
		};
		1A38F3891F854BED00E05659 /* Debug */ = {
			isa = XCBuildConfiguration;
			buildSettings = {
				ALWAYS_EMBED_SWIFT_STANDARD_LIBRARIES = YES;
				ASSETCATALOG_COMPILER_APPICON_NAME = AppIcon;
				CODE_SIGN_STYLE = Automatic;
				DEVELOPMENT_TEAM = Z8KNQ3X92Q;
				FRAMEWORK_SEARCH_PATHS = (
					"$(inherited)",
					"$(PROJECT_DIR)",
				);
				INFOPLIST_FILE = brad3/Info.plist;
				LD_RUNPATH_SEARCH_PATHS = "$(inherited) @executable_path/Frameworks";
				PRODUCT_BUNDLE_IDENTIFIER = yifjiang.brad3;
				PRODUCT_NAME = "$(TARGET_NAME)";
				SUPPORTED_PLATFORMS = "iphonesimulator iphoneos";
				SWIFT_VERSION = 4.0;
				TARGETED_DEVICE_FAMILY = "1,2";
			};
			name = Debug;
		};
		1A38F38A1F854BED00E05659 /* Release */ = {
			isa = XCBuildConfiguration;
			buildSettings = {
				ALWAYS_EMBED_SWIFT_STANDARD_LIBRARIES = YES;
				ASSETCATALOG_COMPILER_APPICON_NAME = AppIcon;
				CODE_SIGN_STYLE = Automatic;
				DEVELOPMENT_TEAM = Z8KNQ3X92Q;
				FRAMEWORK_SEARCH_PATHS = (
					"$(inherited)",
					"$(PROJECT_DIR)",
				);
				INFOPLIST_FILE = brad3/Info.plist;
				LD_RUNPATH_SEARCH_PATHS = "$(inherited) @executable_path/Frameworks";
				PRODUCT_BUNDLE_IDENTIFIER = yifjiang.brad3;
				PRODUCT_NAME = "$(TARGET_NAME)";
				SUPPORTED_PLATFORMS = "iphonesimulator iphoneos";
				SWIFT_VERSION = 4.0;
				TARGETED_DEVICE_FAMILY = "1,2";
			};
			name = Release;
		};
/* End XCBuildConfiguration section */

/* Begin XCConfigurationList section */
		1A38F36E1F854BED00E05659 /* Build configuration list for PBXProject "brad3" */ = {
			isa = XCConfigurationList;
			buildConfigurations = (
				1A38F3861F854BED00E05659 /* Debug */,
				1A38F3871F854BED00E05659 /* Release */,
			);
			defaultConfigurationIsVisible = 0;
			defaultConfigurationName = Release;
		};
		1A38F3881F854BED00E05659 /* Build configuration list for PBXNativeTarget "brad3" */ = {
			isa = XCConfigurationList;
			buildConfigurations = (
				1A38F3891F854BED00E05659 /* Debug */,
				1A38F38A1F854BED00E05659 /* Release */,
			);
			defaultConfigurationIsVisible = 0;
			defaultConfigurationName = Release;
		};
/* End XCConfigurationList section */

/* Begin XCVersionGroup section */
		1A38F37D1F854BED00E05659 /* brad3.xcdatamodeld */ = {
			isa = XCVersionGroup;
			children = (
				1A38F37E1F854BED00E05659 /* brad3.xcdatamodel */,
			);
			currentVersion = 1A38F37E1F854BED00E05659 /* brad3.xcdatamodel */;
			path = brad3.xcdatamodeld;
			sourceTree = "<group>";
			versionGroupType = wrapper.xcdatamodel;
		};
/* End XCVersionGroup section */
	};
	rootObject = 1A38F36B1F854BED00E05659 /* Project object */;
}
